
Microsoft Visual Studio Solution File, Format Version 12.00
# Visual Studio Version 17
VisualStudioVersion = 17.11.35222.181
MinimumVisualStudioVersion = 10.0.40219.1
Project("{9A19103F-16F7-4668-BE54-9A1E7A4F7556}") = "Laboratorio 6", "Laboratorio 6\Laboratorio 6.csproj", "{69AAE2AE-128A-4859-A8E7-BD4596090FFB}"
EndProject
Project("{9A19103F-16F7-4668-BE54-9A1E7A4F7556}") = "Laboratorio61", "Laboratorio61\Laboratorio61.csproj", "{BE17739D-C7A3-4671-A47D-3936C19797BE}"
EndProject
Project("{9A19103F-16F7-4668-BE54-9A1E7A4F7556}") = "Laboratorio62", "Laboratorio62\Laboratorio62.csproj", "{411A30EF-31C8-4EE3-AC12-38BCDFC3C26A}"
EndProject
Project("{9A19103F-16F7-4668-BE54-9A1E7A4F7556}") = "Laboratorio63", "Laboratorio63\Laboratorio63.csproj", "{B40DCF6D-198A-443D-9830-2C4845CAFDDE}"
EndProject
Project("{FAE04EC0-301F-11D3-BF4B-00C04F79EFBC}") = "Laboratorio64", "Laboratorio64\Laboratorio64.csproj", "{7C71E79A-F930-4D2C-914C-B9F65326E10F}"
EndProject
Global
	GlobalSection(SolutionConfigurationPlatforms) = preSolution
		Debug|Any CPU = Debug|Any CPU
		Release|Any CPU = Release|Any CPU
	EndGlobalSection
	GlobalSection(ProjectConfigurationPlatforms) = postSolution
		{69AAE2AE-128A-4859-A8E7-BD4596090FFB}.Debug|Any CPU.ActiveCfg = Debug|Any CPU
		{69AAE2AE-128A-4859-A8E7-BD4596090FFB}.Debug|Any CPU.Build.0 = Debug|Any CPU
		{69AAE2AE-128A-4859-A8E7-BD4596090FFB}.Release|Any CPU.ActiveCfg = Release|Any CPU
		{69AAE2AE-128A-4859-A8E7-BD4596090FFB}.Release|Any CPU.Build.0 = Release|Any CPU
		{BE17739D-C7A3-4671-A47D-3936C19797BE}.Debug|Any CPU.ActiveCfg = Debug|Any CPU
		{BE17739D-C7A3-4671-A47D-3936C19797BE}.Debug|Any CPU.Build.0 = Debug|Any CPU
		{BE17739D-C7A3-4671-A47D-3936C19797BE}.Release|Any CPU.ActiveCfg = Release|Any CPU
		{BE17739D-C7A3-4671-A47D-3936C19797BE}.Release|Any CPU.Build.0 = Release|Any CPU
		{411A30EF-31C8-4EE3-AC12-38BCDFC3C26A}.Debug|Any CPU.ActiveCfg = Debug|Any CPU
		{411A30EF-31C8-4EE3-AC12-38BCDFC3C26A}.Debug|Any CPU.Build.0 = Debug|Any CPU
		{411A30EF-31C8-4EE3-AC12-38BCDFC3C26A}.Release|Any CPU.ActiveCfg = Release|Any CPU
		{411A30EF-31C8-4EE3-AC12-38BCDFC3C26A}.Release|Any CPU.Build.0 = Release|Any CPU
		{B40DCF6D-198A-443D-9830-2C4845CAFDDE}.Debug|Any CPU.ActiveCfg = Debug|Any CPU
		{B40DCF6D-198A-443D-9830-2C4845CAFDDE}.Debug|Any CPU.Build.0 = Debug|Any CPU
		{B40DCF6D-198A-443D-9830-2C4845CAFDDE}.Release|Any CPU.ActiveCfg = Release|Any CPU
		{B40DCF6D-198A-443D-9830-2C4845CAFDDE}.Release|Any CPU.Build.0 = Release|Any CPU
		{7C71E79A-F930-4D2C-914C-B9F65326E10F}.Debug|Any CPU.ActiveCfg = Debug|Any CPU
		{7C71E79A-F930-4D2C-914C-B9F65326E10F}.Debug|Any CPU.Build.0 = Debug|Any CPU
		{7C71E79A-F930-4D2C-914C-B9F65326E10F}.Release|Any CPU.ActiveCfg = Release|Any CPU
		{7C71E79A-F930-4D2C-914C-B9F65326E10F}.Release|Any CPU.Build.0 = Release|Any CPU
	EndGlobalSection
	GlobalSection(SolutionProperties) = preSolution
		HideSolutionNode = FALSE
	EndGlobalSection
	GlobalSection(ExtensibilityGlobals) = postSolution
		SolutionGuid = {0D6157CB-7EAA-47F4-8934-462DA1465F84}
	EndGlobalSection
EndGlobal
