
Microsoft Visual Studio Solution File, Format Version 12.00
# Visual Studio Version 17
VisualStudioVersion = 17.11.35222.181
MinimumVisualStudioVersion = 10.0.40219.1
Project("{9A19103F-16F7-4668-BE54-9A1E7A4F7556}") = "Laboratorio 3", "Laboratorio 3\Laboratorio 3.csproj", "{64306C92-FD66-4F79-AAF7-00E26CE34A68}"
EndProject
Project("{FAE04EC0-301F-11D3-BF4B-00C04F79EFBC}") = "Laboratorio31", "Laboratorio31\Laboratorio31.csproj", "{0F92AF4D-8457-470E-A32B-BA4F341859EB}"
EndProject
Project("{FAE04EC0-301F-11D3-BF4B-00C04F79EFBC}") = "Laboratorio32", "Laboratorio32\Laboratorio32.csproj", "{17233EAC-2703-402A-B956-0B609FEA2AFE}"
EndProject
Project("{FAE04EC0-301F-11D3-BF4B-00C04F79EFBC}") = "Laboratorio33", "Laboratorio33\Laboratorio33.csproj", "{8917DFCA-416F-426B-8495-66FEAA2C3471}"
EndProject
Global
	GlobalSection(SolutionConfigurationPlatforms) = preSolution
		Debug|Any CPU = Debug|Any CPU
		Release|Any CPU = Release|Any CPU
	EndGlobalSection
	GlobalSection(ProjectConfigurationPlatforms) = postSolution
		{64306C92-FD66-4F79-AAF7-00E26CE34A68}.Debug|Any CPU.ActiveCfg = Debug|Any CPU
		{64306C92-FD66-4F79-AAF7-00E26CE34A68}.Debug|Any CPU.Build.0 = Debug|Any CPU
		{64306C92-FD66-4F79-AAF7-00E26CE34A68}.Release|Any CPU.ActiveCfg = Release|Any CPU
		{64306C92-FD66-4F79-AAF7-00E26CE34A68}.Release|Any CPU.Build.0 = Release|Any CPU
		{0F92AF4D-8457-470E-A32B-BA4F341859EB}.Debug|Any CPU.ActiveCfg = Debug|Any CPU
		{0F92AF4D-8457-470E-A32B-BA4F341859EB}.Debug|Any CPU.Build.0 = Debug|Any CPU
		{0F92AF4D-8457-470E-A32B-BA4F341859EB}.Release|Any CPU.ActiveCfg = Release|Any CPU
		{0F92AF4D-8457-470E-A32B-BA4F341859EB}.Release|Any CPU.Build.0 = Release|Any CPU
		{17233EAC-2703-402A-B956-0B609FEA2AFE}.Debug|Any CPU.ActiveCfg = Debug|Any CPU
		{17233EAC-2703-402A-B956-0B609FEA2AFE}.Debug|Any CPU.Build.0 = Debug|Any CPU
		{17233EAC-2703-402A-B956-0B609FEA2AFE}.Release|Any CPU.ActiveCfg = Release|Any CPU
		{17233EAC-2703-402A-B956-0B609FEA2AFE}.Release|Any CPU.Build.0 = Release|Any CPU
		{8917DFCA-416F-426B-8495-66FEAA2C3471}.Debug|Any CPU.ActiveCfg = Debug|Any CPU
		{8917DFCA-416F-426B-8495-66FEAA2C3471}.Debug|Any CPU.Build.0 = Debug|Any CPU
		{8917DFCA-416F-426B-8495-66FEAA2C3471}.Release|Any CPU.ActiveCfg = Release|Any CPU
		{8917DFCA-416F-426B-8495-66FEAA2C3471}.Release|Any CPU.Build.0 = Release|Any CPU
	EndGlobalSection
	GlobalSection(SolutionProperties) = preSolution
		HideSolutionNode = FALSE
	EndGlobalSection
	GlobalSection(ExtensibilityGlobals) = postSolution
		SolutionGuid = {386E00D7-26E3-4FDE-ACF3-6AF62BFCCF58}
	EndGlobalSection
EndGlobal
